// !$*UTF8*$!
{
	archiveVersion = 1;
	classes = {
	};
	objectVersion = 46;
	objects = {

/* Begin PBXBuildFile section */
		CE66659F1DE779DD0067DEB9 /* LoaderTableViewCell.swift in Sources */ = {isa = PBXBuildFile; fileRef = CE66659E1DE779DD0067DEB9 /* LoaderTableViewCell.swift */; };
		CE7459851DE6399D00CB6164 /* CoreDataManager.swift in Sources */ = {isa = PBXBuildFile; fileRef = CE7459841DE6399D00CB6164 /* CoreDataManager.swift */; };
		CE7459871DE63B6E00CB6164 /* FileManage.swift in Sources */ = {isa = PBXBuildFile; fileRef = CE7459861DE63B6E00CB6164 /* FileManage.swift */; };
		CE83DB2F1DDF88C500B953EE /* AppDelegate.swift in Sources */ = {isa = PBXBuildFile; fileRef = CE83DB2E1DDF88C500B953EE /* AppDelegate.swift */; };
		CE83DB311DDF88C500B953EE /* ViewController.swift in Sources */ = {isa = PBXBuildFile; fileRef = CE83DB301DDF88C500B953EE /* ViewController.swift */; };
		CE83DB341DDF88C500B953EE /* Main.storyboard in Resources */ = {isa = PBXBuildFile; fileRef = CE83DB321DDF88C500B953EE /* Main.storyboard */; };
		CE83DB371DDF88C500B953EE /* SwiftDownloadingManager.xcdatamodeld in Sources */ = {isa = PBXBuildFile; fileRef = CE83DB351DDF88C500B953EE /* SwiftDownloadingManager.xcdatamodeld */; };
		CE83DB391DDF88C500B953EE /* Assets.xcassets in Resources */ = {isa = PBXBuildFile; fileRef = CE83DB381DDF88C500B953EE /* Assets.xcassets */; };
		CE83DB3C1DDF88C500B953EE /* LaunchScreen.storyboard in Resources */ = {isa = PBXBuildFile; fileRef = CE83DB3A1DDF88C500B953EE /* LaunchScreen.storyboard */; };
		CE83DB441DDF8A3700B953EE /* LoadManager.swift in Sources */ = {isa = PBXBuildFile; fileRef = CE83DB431DDF8A3700B953EE /* LoadManager.swift */; };
/* End PBXBuildFile section */

/* Begin PBXFileReference section */
		CE66659E1DE779DD0067DEB9 /* LoaderTableViewCell.swift */ = {isa = PBXFileReference; fileEncoding = 4; lastKnownFileType = sourcecode.swift; path = LoaderTableViewCell.swift; sourceTree = "<group>"; };
		CE7459841DE6399D00CB6164 /* CoreDataManager.swift */ = {isa = PBXFileReference; fileEncoding = 4; lastKnownFileType = sourcecode.swift; path = CoreDataManager.swift; sourceTree = "<group>"; };
		CE7459861DE63B6E00CB6164 /* FileManage.swift */ = {isa = PBXFileReference; fileEncoding = 4; lastKnownFileType = sourcecode.swift; path = FileManage.swift; sourceTree = "<group>"; };
		CE83DB2B1DDF88C500B953EE /* SwiftDownloadingManager.app */ = {isa = PBXFileReference; explicitFileType = wrapper.application; includeInIndex = 0; path = SwiftDownloadingManager.app; sourceTree = BUILT_PRODUCTS_DIR; };
		CE83DB2E1DDF88C500B953EE /* AppDelegate.swift */ = {isa = PBXFileReference; lastKnownFileType = sourcecode.swift; path = AppDelegate.swift; sourceTree = "<group>"; };
		CE83DB301DDF88C500B953EE /* ViewController.swift */ = {isa = PBXFileReference; lastKnownFileType = sourcecode.swift; path = ViewController.swift; sourceTree = "<group>"; };
		CE83DB331DDF88C500B953EE /* Base */ = {isa = PBXFileReference; lastKnownFileType = file.storyboard; name = Base; path = Base.lproj/Main.storyboard; sourceTree = "<group>"; };
		CE83DB361DDF88C500B953EE /* SwiftDownloadingManager.xcdatamodel */ = {isa = PBXFileReference; lastKnownFileType = wrapper.xcdatamodel; path = SwiftDownloadingManager.xcdatamodel; sourceTree = "<group>"; };
		CE83DB381DDF88C500B953EE /* Assets.xcassets */ = {isa = PBXFileReference; lastKnownFileType = folder.assetcatalog; path = Assets.xcassets; sourceTree = "<group>"; };
		CE83DB3B1DDF88C500B953EE /* Base */ = {isa = PBXFileReference; lastKnownFileType = file.storyboard; name = Base; path = Base.lproj/LaunchScreen.storyboard; sourceTree = "<group>"; };
		CE83DB3D1DDF88C500B953EE /* Info.plist */ = {isa = PBXFileReference; lastKnownFileType = text.plist.xml; path = Info.plist; sourceTree = "<group>"; };
		CE83DB431DDF8A3700B953EE /* LoadManager.swift */ = {isa = PBXFileReference; fileEncoding = 4; lastKnownFileType = sourcecode.swift; path = LoadManager.swift; sourceTree = "<group>"; };
/* End PBXFileReference section */

/* Begin PBXFrameworksBuildPhase section */
		CE83DB281DDF88C500B953EE /* Frameworks */ = {
			isa = PBXFrameworksBuildPhase;
			buildActionMask = 2147483647;
			files = (
			);
			runOnlyForDeploymentPostprocessing = 0;
		};
/* End PBXFrameworksBuildPhase section */

/* Begin PBXGroup section */
		CE83DB221DDF88C500B953EE = {
			isa = PBXGroup;
			children = (
				CE83DB2D1DDF88C500B953EE /* SwiftDownloadingManager */,
				CE83DB2C1DDF88C500B953EE /* Products */,
			);
			sourceTree = "<group>";
		};
		CE83DB2C1DDF88C500B953EE /* Products */ = {
			isa = PBXGroup;
			children = (
				CE83DB2B1DDF88C500B953EE /* SwiftDownloadingManager.app */,
			);
			name = Products;
			sourceTree = "<group>";
		};
		CE83DB2D1DDF88C500B953EE /* SwiftDownloadingManager */ = {
			isa = PBXGroup;
			children = (
				CE83DB2E1DDF88C500B953EE /* AppDelegate.swift */,
				CE83DB301DDF88C500B953EE /* ViewController.swift */,
				CE83DB431DDF8A3700B953EE /* LoadManager.swift */,
				CE7459841DE6399D00CB6164 /* CoreDataManager.swift */,
				CE66659E1DE779DD0067DEB9 /* LoaderTableViewCell.swift */,
				CE7459861DE63B6E00CB6164 /* FileManage.swift */,
				CE83DB321DDF88C500B953EE /* Main.storyboard */,
				CE83DB381DDF88C500B953EE /* Assets.xcassets */,
				CE83DB3A1DDF88C500B953EE /* LaunchScreen.storyboard */,
				CE83DB3D1DDF88C500B953EE /* Info.plist */,
				CE83DB351DDF88C500B953EE /* SwiftDownloadingManager.xcdatamodeld */,
			);
			path = SwiftDownloadingManager;
			sourceTree = "<group>";
		};
/* End PBXGroup section */

/* Begin PBXNativeTarget section */
		CE83DB2A1DDF88C500B953EE /* SwiftDownloadingManager */ = {
			isa = PBXNativeTarget;
			buildConfigurationList = CE83DB401DDF88C500B953EE /* Build configuration list for PBXNativeTarget "SwiftDownloadingManager" */;
			buildPhases = (
				CE83DB271DDF88C500B953EE /* Sources */,
				CE83DB281DDF88C500B953EE /* Frameworks */,
				CE83DB291DDF88C500B953EE /* Resources */,
			);
			buildRules = (
			);
			dependencies = (
			);
			name = SwiftDownloadingManager;
			productName = SwiftDownloadingManager;
			productReference = CE83DB2B1DDF88C500B953EE /* SwiftDownloadingManager.app */;
			productType = "com.apple.product-type.application";
		};
/* End PBXNativeTarget section */

/* Begin PBXProject section */
		CE83DB231DDF88C500B953EE /* Project object */ = {
			isa = PBXProject;
			attributes = {
				LastSwiftUpdateCheck = 0810;
				LastUpgradeCheck = 0810;
				ORGANIZATIONNAME = Toxa;
				TargetAttributes = {
					CE83DB2A1DDF88C500B953EE = {
						CreatedOnToolsVersion = 8.1;
						ProvisioningStyle = Automatic;
					};
				};
			};
			buildConfigurationList = CE83DB261DDF88C500B953EE /* Build configuration list for PBXProject "SwiftDownloadingManager" */;
			compatibilityVersion = "Xcode 3.2";
			developmentRegion = English;
			hasScannedForEncodings = 0;
			knownRegions = (
				en,
				Base,
			);
			mainGroup = CE83DB221DDF88C500B953EE;
			productRefGroup = CE83DB2C1DDF88C500B953EE /* Products */;
			projectDirPath = "";
			projectRoot = "";
			targets = (
				CE83DB2A1DDF88C500B953EE /* SwiftDownloadingManager */,
			);
		};
/* End PBXProject section */

/* Begin PBXResourcesBuildPhase section */
		CE83DB291DDF88C500B953EE /* Resources */ = {
			isa = PBXResourcesBuildPhase;
			buildActionMask = 2147483647;
			files = (
				CE83DB3C1DDF88C500B953EE /* LaunchScreen.storyboard in Resources */,
				CE83DB391DDF88C500B953EE /* Assets.xcassets in Resources */,
				CE83DB341DDF88C500B953EE /* Main.storyboard in Resources */,
			);
			runOnlyForDeploymentPostprocessing = 0;
		};
/* End PBXResourcesBuildPhase section */

/* Begin PBXSourcesBuildPhase section */
		CE83DB271DDF88C500B953EE /* Sources */ = {
			isa = PBXSourcesBuildPhase;
			buildActionMask = 2147483647;
			files = (
				CE83DB311DDF88C500B953EE /* ViewController.swift in Sources */,
				CE83DB371DDF88C500B953EE /* SwiftDownloadingManager.xcdatamodeld in Sources */,
				CE83DB2F1DDF88C500B953EE /* AppDelegate.swift in Sources */,
				CE66659F1DE779DD0067DEB9 /* LoaderTableViewCell.swift in Sources */,
				CE7459871DE63B6E00CB6164 /* FileManage.swift in Sources */,
				CE7459851DE6399D00CB6164 /* CoreDataManager.swift in Sources */,
				CE83DB441DDF8A3700B953EE /* LoadManager.swift in Sources */,
			);
			runOnlyForDeploymentPostprocessing = 0;
		};
/* End PBXSourcesBuildPhase section */

/* Begin PBXVariantGroup section */
		CE83DB321DDF88C500B953EE /* Main.storyboard */ = {
			isa = PBXVariantGroup;
			children = (
				CE83DB331DDF88C500B953EE /* Base */,
			);
			name = Main.storyboard;
			sourceTree = "<group>";
		};
		CE83DB3A1DDF88C500B953EE /* LaunchScreen.storyboard */ = {
			isa = PBXVariantGroup;
			children = (
				CE83DB3B1DDF88C500B953EE /* Base */,
			);
			name = LaunchScreen.storyboard;
			sourceTree = "<group>";
		};
/* End PBXVariantGroup section */

/* Begin XCBuildConfiguration section */
		CE83DB3E1DDF88C500B953EE /* Debug */ = {
			isa = XCBuildConfiguration;
			buildSettings = {
				ALWAYS_SEARCH_USER_PATHS = NO;
				CLANG_ANALYZER_NONNULL = YES;
				CLANG_CXX_LANGUAGE_STANDARD = "gnu++0x";
				CLANG_CXX_LIBRARY = "libc++";
				CLANG_ENABLE_MODULES = YES;
				CLANG_ENABLE_OBJC_ARC = YES;
				CLANG_WARN_BOOL_CONVERSION = YES;
				CLANG_WARN_CONSTANT_CONVERSION = YES;
				CLANG_WARN_DIRECT_OBJC_ISA_USAGE = YES_ERROR;
				CLANG_WARN_DOCUMENTATION_COMMENTS = YES;
				CLANG_WARN_EMPTY_BODY = YES;
				CLANG_WARN_ENUM_CONVERSION = YES;
				CLANG_WARN_INFINITE_RECURSION = YES;
				CLANG_WARN_INT_CONVERSION = YES;
				CLANG_WARN_OBJC_ROOT_CLASS = YES_ERROR;
				CLANG_WARN_SUSPICIOUS_MOVES = YES;
				CLANG_WARN_UNREACHABLE_CODE = YES;
				CLANG_WARN__DUPLICATE_METHOD_MATCH = YES;
				"CODE_SIGN_IDENTITY[sdk=iphoneos*]" = "iPhone Developer";
				COPY_PHASE_STRIP = NO;
				DEBUG_INFORMATION_FORMAT = dwarf;
				ENABLE_STRICT_OBJC_MSGSEND = YES;
				ENABLE_TESTABILITY = YES;
				GCC_C_LANGUAGE_STANDARD = gnu99;
				GCC_DYNAMIC_NO_PIC = NO;
				GCC_NO_COMMON_BLOCKS = YES;
				GCC_OPTIMIZATION_LEVEL = 0;
				GCC_PREPROCESSOR_DEFINITIONS = (
					"DEBUG=1",
					"$(inherited)",
				);
				GCC_WARN_64_TO_32_BIT_CONVERSION = YES;
				GCC_WARN_ABOUT_RETURN_TYPE = YES_ERROR;
				GCC_WARN_UNDECLARED_SELECTOR = YES;
				GCC_WARN_UNINITIALIZED_AUTOS = YES_AGGRESSIVE;
				GCC_WARN_UNUSED_FUNCTION = YES;
				GCC_WARN_UNUSED_VARIABLE = YES;
				IPHONEOS_DEPLOYMENT_TARGET = 10.1;
				MTL_ENABLE_DEBUG_INFO = YES;
				ONLY_ACTIVE_ARCH = YES;
				SDKROOT = iphoneos;
				SWIFT_ACTIVE_COMPILATION_CONDITIONS = DEBUG;
				SWIFT_OPTIMIZATION_LEVEL = "-Onone";
			};
			name = Debug;
		};
		CE83DB3F1DDF88C500B953EE /* Release */ = {
			isa = XCBuildConfiguration;
			buildSettings = {
				ALWAYS_SEARCH_USER_PATHS = NO;
				CLANG_ANALYZER_NONNULL = YES;
				CLANG_CXX_LANGUAGE_STANDARD = "gnu++0x";
				CLANG_CXX_LIBRARY = "libc++";
				CLANG_ENABLE_MODULES = YES;
				CLANG_ENABLE_OBJC_ARC = YES;
				CLANG_WARN_BOOL_CONVERSION = YES;
				CLANG_WARN_CONSTANT_CONVERSION = YES;
				CLANG_WARN_DIRECT_OBJC_ISA_USAGE = YES_ERROR;
				CLANG_WARN_DOCUMENTATION_COMMENTS = YES;
				CLANG_WARN_EMPTY_BODY = YES;
				CLANG_WARN_ENUM_CONVERSION = YES;
				CLANG_WARN_INFINITE_RECURSION = YES;
				CLANG_WARN_INT_CONVERSION = YES;
				CLANG_WARN_OBJC_ROOT_CLASS = YES_ERROR;
				CLANG_WARN_SUSPICIOUS_MOVES = YES;
				CLANG_WARN_UNREACHABLE_CODE = YES;
				CLANG_WARN__DUPLICATE_METHOD_MATCH = YES;
				"CODE_SIGN_IDENTITY[sdk=iphoneos*]" = "iPhone Developer";
				COPY_PHASE_STRIP = NO;
				DEBUG_INFORMATION_FORMAT = "dwarf-with-dsym";
				ENABLE_NS_ASSERTIONS = NO;
				ENABLE_STRICT_OBJC_MSGSEND = YES;
				GCC_C_LANGUAGE_STANDARD = gnu99;
				GCC_NO_COMMON_BLOCKS = YES;
				GCC_WARN_64_TO_32_BIT_CONVERSION = YES;
				GCC_WARN_ABOUT_RETURN_TYPE = YES_ERROR;
				GCC_WARN_UNDECLARED_SELECTOR = YES;
				GCC_WARN_UNINITIALIZED_AUTOS = YES_AGGRESSIVE;
				GCC_WARN_UNUSED_FUNCTION = YES;
				GCC_WARN_UNUSED_VARIABLE = YES;
				IPHONEOS_DEPLOYMENT_TARGET = 10.1;
				MTL_ENABLE_DEBUG_INFO = NO;
				SDKROOT = iphoneos;
				SWIFT_OPTIMIZATION_LEVEL = "-Owholemodule";
				VALIDATE_PRODUCT = YES;
			};
			name = Release;
		};
		CE83DB411DDF88C500B953EE /* Debug */ = {
			isa = XCBuildConfiguration;
			buildSettings = {
				ASSETCATALOG_COMPILER_APPICON_NAME = AppIcon;
				INFOPLIST_FILE = SwiftDownloadingManager/Info.plist;
				LD_RUNPATH_SEARCH_PATHS = "$(inherited) @executable_path/Frameworks";
				PRODUCT_BUNDLE_IDENTIFIER = com.toxa.apps.SwiftDownloadingManager;
				PRODUCT_NAME = "$(TARGET_NAME)";
				SWIFT_VERSION = 3.0;
			};
			name = Debug;
		};
		CE83DB421DDF88C500B953EE /* Release */ = {
			isa = XCBuildConfiguration;
			buildSettings = {
				ASSETCATALOG_COMPILER_APPICON_NAME = AppIcon;
				INFOPLIST_FILE = SwiftDownloadingManager/Info.plist;
				LD_RUNPATH_SEARCH_PATHS = "$(inherited) @executable_path/Frameworks";
				PRODUCT_BUNDLE_IDENTIFIER = com.toxa.apps.SwiftDownloadingManager;
				PRODUCT_NAME = "$(TARGET_NAME)";
				SWIFT_VERSION = 3.0;
			};
			name = Release;
		};
/* End XCBuildConfiguration section */

/* Begin XCConfigurationList section */
		CE83DB261DDF88C500B953EE /* Build configuration list for PBXProject "SwiftDownloadingManager" */ = {
			isa = XCConfigurationList;
			buildConfigurations = (
				CE83DB3E1DDF88C500B953EE /* Debug */,
				CE83DB3F1DDF88C500B953EE /* Release */,
			);
			defaultConfigurationIsVisible = 0;
			defaultConfigurationName = Release;
		};
		CE83DB401DDF88C500B953EE /* Build configuration list for PBXNativeTarget "SwiftDownloadingManager" */ = {
			isa = XCConfigurationList;
			buildConfigurations = (
				CE83DB411DDF88C500B953EE /* Debug */,
				CE83DB421DDF88C500B953EE /* Release */,
			);
			defaultConfigurationIsVisible = 0;
			defaultConfigurationName = Release;
		};
/* End XCConfigurationList section */

/* Begin XCVersionGroup section */
		CE83DB351DDF88C500B953EE /* SwiftDownloadingManager.xcdatamodeld */ = {
			isa = XCVersionGroup;
			children = (
				CE83DB361DDF88C500B953EE /* SwiftDownloadingManager.xcdatamodel */,
			);
			currentVersion = CE83DB361DDF88C500B953EE /* SwiftDownloadingManager.xcdatamodel */;
			path = SwiftDownloadingManager.xcdatamodeld;
			sourceTree = "<group>";
			versionGroupType = wrapper.xcdatamodel;
		};
/* End XCVersionGroup section */
	};
	rootObject = CE83DB231DDF88C500B953EE /* Project object */;
}
